
Microsoft Visual Studio Solution File, Format Version 12.00
Project("{FAE04EC0-301F-11D3-BF4B-00C04F79EFBC}") = "Domain", "Domain\Domain.csproj", "{8A1D7874-0375-4E18-B224-A73D83F7D514}"
EndProject
Project("{FAE04EC0-301F-11D3-BF4B-00C04F79EFBC}") = "GrpcHousePalClient", "GrpcHousePalClient\GrpcHousePalClient.csproj", "{C7C025F1-2F6A-45B7-B544-67590C5C9749}"
EndProject
Project("{2150E333-8FDC-42A3-9474-1A3956D46DE8}") = "Client", "Client", "{35D096B5-B5BA-475B-86C8-371039E4608D}"
EndProject
Global
	GlobalSection(SolutionConfigurationPlatforms) = preSolution
		Debug|Any CPU = Debug|Any CPU
		Release|Any CPU = Release|Any CPU
	EndGlobalSection
	GlobalSection(ProjectConfigurationPlatforms) = postSolution
		{8A1D7874-0375-4E18-B224-A73D83F7D514}.Debug|Any CPU.ActiveCfg = Debug|Any CPU
		{8A1D7874-0375-4E18-B224-A73D83F7D514}.Debug|Any CPU.Build.0 = Debug|Any CPU
		{8A1D7874-0375-4E18-B224-A73D83F7D514}.Release|Any CPU.ActiveCfg = Release|Any CPU
		{8A1D7874-0375-4E18-B224-A73D83F7D514}.Release|Any CPU.Build.0 = Release|Any CPU
		{C7C025F1-2F6A-45B7-B544-67590C5C9749}.Debug|Any CPU.ActiveCfg = Debug|Any CPU
		{C7C025F1-2F6A-45B7-B544-67590C5C9749}.Debug|Any CPU.Build.0 = Debug|Any CPU
		{C7C025F1-2F6A-45B7-B544-67590C5C9749}.Release|Any CPU.ActiveCfg = Release|Any CPU
		{C7C025F1-2F6A-45B7-B544-67590C5C9749}.Release|Any CPU.Build.0 = Release|Any CPU
	EndGlobalSection
	GlobalSection(NestedProjects) = preSolution
		{C7C025F1-2F6A-45B7-B544-67590C5C9749} = {35D096B5-B5BA-475B-86C8-371039E4608D}
		{8A1D7874-0375-4E18-B224-A73D83F7D514} = {35D096B5-B5BA-475B-86C8-371039E4608D}
	EndGlobalSection
EndGlobal
